
Microsoft Visual Studio Solution File, Format Version 12.00
# Visual Studio 2013
VisualStudioVersion = 12.0.40629.0
MinimumVisualStudioVersion = 10.0.40219.1
Project("{FAE04EC0-301F-11D3-BF4B-00C04F79EFBC}") = "MtpHelper", "MtpHelper\MtpHelper.csproj", "{B57664F9-BEE6-453D-BDDF-09E9F75AE7D1}"
EndProject
Project("{FAE04EC0-301F-11D3-BF4B-00C04F79EFBC}") = "WpdMtpLib", "wpdmtplib\WpdMtpLib\WpdMtpLib.csproj", "{4F05D585-BE9A-4158-BC28-8A56FD20F9CE}"
EndProject
Global
	GlobalSection(SolutionConfigurationPlatforms) = preSolution
		Debug|Any CPU = Debug|Any CPU
		Release|Any CPU = Release|Any CPU
	EndGlobalSection
	GlobalSection(ProjectConfigurationPlatforms) = postSolution
		{B57664F9-BEE6-453D-BDDF-09E9F75AE7D1}.Debug|Any CPU.ActiveCfg = Debug|Any CPU
		{B57664F9-BEE6-453D-BDDF-09E9F75AE7D1}.Debug|Any CPU.Build.0 = Debug|Any CPU
		{B57664F9-BEE6-453D-BDDF-09E9F75AE7D1}.Release|Any CPU.ActiveCfg = Release|Any CPU
		{B57664F9-BEE6-453D-BDDF-09E9F75AE7D1}.Release|Any CPU.Build.0 = Release|Any CPU
		{4F05D585-BE9A-4158-BC28-8A56FD20F9CE}.Debug|Any CPU.ActiveCfg = Debug|Any CPU
		{4F05D585-BE9A-4158-BC28-8A56FD20F9CE}.Debug|Any CPU.Build.0 = Debug|Any CPU
		{4F05D585-BE9A-4158-BC28-8A56FD20F9CE}.Release|Any CPU.ActiveCfg = Release|Any CPU
		{4F05D585-BE9A-4158-BC28-8A56FD20F9CE}.Release|Any CPU.Build.0 = Release|Any CPU
	EndGlobalSection
	GlobalSection(SolutionProperties) = preSolution
		HideSolutionNode = FALSE
	EndGlobalSection
EndGlobal
